
Microsoft Visual Studio Solution File, Format Version 12.00
# Visual Studio Version 16
VisualStudioVersion = 16.0.30128.74
MinimumVisualStudioVersion = 10.0.40219.1
Project("{9A19103F-16F7-4668-BE54-9A1E7A4F7556}") = "StaticClassDemo", "StaticVsSingleton\StaticClassDemo.csproj", "{3F843185-F419-45CC-A090-E9C1AB5EC877}"
EndProject
Project("{9A19103F-16F7-4668-BE54-9A1E7A4F7556}") = "SingletonWithMultiThreading", "Singleton\SingletonWithMultiThreading.csproj", "{D2F4A787-18FE-4010-8C79-3BFB48EA5ADC}"
EndProject
Project("{9A19103F-16F7-4668-BE54-9A1E7A4F7556}") = "Val-Ref-Out-Keyword", "val-ref-out\Val-Ref-Out-Keyword.csproj", "{BC143090-EB5B-4EDC-8FC2-CF8D5482C029}"
EndProject
Project("{9A19103F-16F7-4668-BE54-9A1E7A4F7556}") = "ExtensionMethod", "ExtensionMethod\ExtensionMethod.csproj", "{86624487-19DF-47A4-A70B-D8F32104B37D}"
EndProject
Project("{9A19103F-16F7-4668-BE54-9A1E7A4F7556}") = "SingleResponsibilityPrinciple", "SRP\SingleResponsibilityPrinciple.csproj", "{CEAA8E31-94C2-4D1E-B6A5-1D9A39DFF3EA}"
EndProject
Project("{9A19103F-16F7-4668-BE54-9A1E7A4F7556}") = "OpenClosedPrinciple", "OCP\OpenClosedPrinciple.csproj", "{4E5BE53C-FC0C-4307-8C92-58FBCE5BF2FB}"
EndProject
Project("{9A19103F-16F7-4668-BE54-9A1E7A4F7556}") = "LiskovSubstitutionPrinciple", "LSP\LiskovSubstitutionPrinciple.csproj", "{90A8172B-D12E-449E-91EB-A77AAF82FD02}"
EndProject
Project("{9A19103F-16F7-4668-BE54-9A1E7A4F7556}") = "InterfaceSegrigationPrinciple", "ISP\InterfaceSegrigationPrinciple.csproj", "{11899FD2-DCB4-4DF2-9F0A-6385CC432F6D}"
EndProject
Project("{9A19103F-16F7-4668-BE54-9A1E7A4F7556}") = "DependencyInversionPrinciple", "DIP\DependencyInversionPrinciple.csproj", "{D7DD2AA6-6F29-4000-A675-6B23DFEA1636}"
EndProject
Project("{2150E333-8FDC-42A3-9474-1A3956D46DE8}") = "SolidPrinciples", "SolidPrinciples", "{94F5C8A1-25E2-4A20-807B-0010DC30C7D6}"
EndProject
Project("{2150E333-8FDC-42A3-9474-1A3956D46DE8}") = "DesignPatterns", "DesignPatterns", "{B7216D17-1580-4F81-9A7F-62096EB8B799}"
EndProject
Project("{9A19103F-16F7-4668-BE54-9A1E7A4F7556}") = "SingletonSingleThread", "SingletonDemo\SingletonSingleThread.csproj", "{AD99C031-BBD1-43CD-B6F2-4FB6E61B58DA}"
EndProject
Project("{9A19103F-16F7-4668-BE54-9A1E7A4F7556}") = "SingletonIfSealedless", "singleton-sealedless\SingletonIfSealedless.csproj", "{8A88B47C-0212-4007-9EE5-2329F5A63EB1}"
EndProject
Project("{9A19103F-16F7-4668-BE54-9A1E7A4F7556}") = "SingletonEagerAndLazyLoading", "singleton-eager-loading\SingletonEagerAndLazyLoading.csproj", "{3B8F3BE7-1288-47BD-8215-AC9107CD562F}"
EndProject
Project("{9A19103F-16F7-4668-BE54-9A1E7A4F7556}") = "FactoryPattern", "FactoryPattern\FactoryPattern.csproj", "{A2E3E68B-C935-493F-8C58-E656D55BF95E}"
EndProject
Project("{9A19103F-16F7-4668-BE54-9A1E7A4F7556}") = "AbstractFactoryPattern", "AbstractFactoryPattern\AbstractFactoryPattern.csproj", "{37593D6B-8301-459C-8ADA-C009063AA84D}"
EndProject
Project("{9A19103F-16F7-4668-BE54-9A1E7A4F7556}") = "AdapterPattern", "AdapterPattern\AdapterPattern.csproj", "{7D383380-637B-4054-8BFE-C4AF1D84146D}"
EndProject
Project("{2150E333-8FDC-42A3-9474-1A3956D46DE8}") = "ConsoleToWebApiProject", "ConsoleToWebApiProject", "{F2FF589C-71D1-4C86-A485-BC66642E5AA4}"
EndProject
Project("{9A19103F-16F7-4668-BE54-9A1E7A4F7556}") = "ConsoleAppToWebApi", "ConsoleAppToWebApi\ConsoleAppToWebApi.csproj", "{D3BB3491-ECD2-4EB9-8051-321288CEACFA}"
EndProject
Project("{2150E333-8FDC-42A3-9474-1A3956D46DE8}") = "RepositoryPattern", "RepositoryPattern", "{342B6ABE-9EF7-4B76-8FF7-6A33EA3BAA01}"
EndProject
Project("{9A19103F-16F7-4668-BE54-9A1E7A4F7556}") = "WebAPIRepositoryPattern", "WebAPIRepositoryPattern\WebAPIRepositoryPattern.csproj", "{F192282D-E1BC-4D9D-9631-8593294C88E7}"
EndProject
Project("{2150E333-8FDC-42A3-9474-1A3956D46DE8}") = "BookStoreApp", "BookStoreApp", "{89F3D4DA-3597-4085-8590-49CFDC2481D1}"
EndProject
Project("{9A19103F-16F7-4668-BE54-9A1E7A4F7556}") = "BookStoreApi", "BookStoreApi\BookStoreApi.csproj", "{FB7C6E37-64C0-48A6-A4AA-AF45681C16CE}"
EndProject
Project("{9A19103F-16F7-4668-BE54-9A1E7A4F7556}") = "FacadeDesignPattern", "FacadeDesignPattern\FacadeDesignPattern.csproj", "{04AEAB6D-2A4C-45FC-AE8D-2BCB75EAEB0C}"
EndProject
Project("{2150E333-8FDC-42A3-9474-1A3956D46DE8}") = "OOPs", "OOPs", "{BF0E4EBB-49D8-42AC-B437-42AD137ED4D2}"
	ProjectSection(SolutionItems) = preProject
		MethodHiding Vs Overriding Vs Overloading.txt = MethodHiding Vs Overriding Vs Overloading.txt
	EndProjectSection
EndProject
Project("{2150E333-8FDC-42A3-9474-1A3956D46DE8}") = "Inheritance", "Inheritance", "{C2F37E56-0CB3-4E4E-8536-904AF422FAA4}"
EndProject
Project("{9A19103F-16F7-4668-BE54-9A1E7A4F7556}") = "InheritanceDemo", "InheritanceDemo\InheritanceDemo.csproj", "{A85E2B6A-7B31-4E0E-B12F-7B123A12E4BD}"
EndProject
Project("{9A19103F-16F7-4668-BE54-9A1E7A4F7556}") = "ConstructorConcept", "ConstructorConcept\ConstructorConcept.csproj", "{A55E371F-4C9C-452E-8FD8-C70FF16786D9}"
EndProject
Project("{2150E333-8FDC-42A3-9474-1A3956D46DE8}") = "Polymorphism", "Polymorphism", "{1535A5C9-9300-46EE-9E7D-9CF2D18234D5}"
EndProject
Project("{9A19103F-16F7-4668-BE54-9A1E7A4F7556}") = "PolymorphismDemo", "PolymorphismDemo\PolymorphismDemo.csproj", "{B8F5715D-77BC-4195-BDB7-902AFB8EB3F1}"
EndProject
Project("{9A19103F-16F7-4668-BE54-9A1E7A4F7556}") = "ClassVsStructure", "ClassVsStructure\ClassVsStructure.csproj", "{32E76253-7DBA-4B80-A22E-6E3C26879BE9}"
EndProject
Project("{9A19103F-16F7-4668-BE54-9A1E7A4F7556}") = "ExplicitInterface", "ExplicitInterface\ExplicitInterface.csproj", "{FEDB7C26-BCE0-43CC-A4DC-B9FA3E20D024}"
EndProject
Project("{9A19103F-16F7-4668-BE54-9A1E7A4F7556}") = "AbstractClass", "AbstractClass\AbstractClass.csproj", "{DDC3C7EF-62EF-49B1-9932-AC20A2E2F4D2}"
EndProject
Project("{2150E333-8FDC-42A3-9474-1A3956D46DE8}") = "Test", "Test", "{BDF856E0-EA5F-45B9-9911-7A25DED5902B}"
EndProject
Project("{FAE04EC0-301F-11D3-BF4B-00C04F79EFBC}") = "TestCheckProject", "TestCheckProject\TestCheckProject.csproj", "{E894E9BC-6A6D-4897-A3AD-CC35CE06DB07}"
EndProject
Global
	GlobalSection(SolutionConfigurationPlatforms) = preSolution
		Debug|Any CPU = Debug|Any CPU
		Release|Any CPU = Release|Any CPU
	EndGlobalSection
	GlobalSection(ProjectConfigurationPlatforms) = postSolution
		{3F843185-F419-45CC-A090-E9C1AB5EC877}.Debug|Any CPU.ActiveCfg = Debug|Any CPU
		{3F843185-F419-45CC-A090-E9C1AB5EC877}.Debug|Any CPU.Build.0 = Debug|Any CPU
		{3F843185-F419-45CC-A090-E9C1AB5EC877}.Release|Any CPU.ActiveCfg = Release|Any CPU
		{3F843185-F419-45CC-A090-E9C1AB5EC877}.Release|Any CPU.Build.0 = Release|Any CPU
		{D2F4A787-18FE-4010-8C79-3BFB48EA5ADC}.Debug|Any CPU.ActiveCfg = Debug|Any CPU
		{D2F4A787-18FE-4010-8C79-3BFB48EA5ADC}.Debug|Any CPU.Build.0 = Debug|Any CPU
		{D2F4A787-18FE-4010-8C79-3BFB48EA5ADC}.Release|Any CPU.ActiveCfg = Release|Any CPU
		{D2F4A787-18FE-4010-8C79-3BFB48EA5ADC}.Release|Any CPU.Build.0 = Release|Any CPU
		{BC143090-EB5B-4EDC-8FC2-CF8D5482C029}.Debug|Any CPU.ActiveCfg = Debug|Any CPU
		{BC143090-EB5B-4EDC-8FC2-CF8D5482C029}.Debug|Any CPU.Build.0 = Debug|Any CPU
		{BC143090-EB5B-4EDC-8FC2-CF8D5482C029}.Release|Any CPU.ActiveCfg = Release|Any CPU
		{BC143090-EB5B-4EDC-8FC2-CF8D5482C029}.Release|Any CPU.Build.0 = Release|Any CPU
		{86624487-19DF-47A4-A70B-D8F32104B37D}.Debug|Any CPU.ActiveCfg = Debug|Any CPU
		{86624487-19DF-47A4-A70B-D8F32104B37D}.Debug|Any CPU.Build.0 = Debug|Any CPU
		{86624487-19DF-47A4-A70B-D8F32104B37D}.Release|Any CPU.ActiveCfg = Release|Any CPU
		{86624487-19DF-47A4-A70B-D8F32104B37D}.Release|Any CPU.Build.0 = Release|Any CPU
		{CEAA8E31-94C2-4D1E-B6A5-1D9A39DFF3EA}.Debug|Any CPU.ActiveCfg = Debug|Any CPU
		{CEAA8E31-94C2-4D1E-B6A5-1D9A39DFF3EA}.Debug|Any CPU.Build.0 = Debug|Any CPU
		{CEAA8E31-94C2-4D1E-B6A5-1D9A39DFF3EA}.Release|Any CPU.ActiveCfg = Release|Any CPU
		{CEAA8E31-94C2-4D1E-B6A5-1D9A39DFF3EA}.Release|Any CPU.Build.0 = Release|Any CPU
		{4E5BE53C-FC0C-4307-8C92-58FBCE5BF2FB}.Debug|Any CPU.ActiveCfg = Debug|Any CPU
		{4E5BE53C-FC0C-4307-8C92-58FBCE5BF2FB}.Debug|Any CPU.Build.0 = Debug|Any CPU
		{4E5BE53C-FC0C-4307-8C92-58FBCE5BF2FB}.Release|Any CPU.ActiveCfg = Release|Any CPU
		{4E5BE53C-FC0C-4307-8C92-58FBCE5BF2FB}.Release|Any CPU.Build.0 = Release|Any CPU
		{90A8172B-D12E-449E-91EB-A77AAF82FD02}.Debug|Any CPU.ActiveCfg = Debug|Any CPU
		{90A8172B-D12E-449E-91EB-A77AAF82FD02}.Debug|Any CPU.Build.0 = Debug|Any CPU
		{90A8172B-D12E-449E-91EB-A77AAF82FD02}.Release|Any CPU.ActiveCfg = Release|Any CPU
		{90A8172B-D12E-449E-91EB-A77AAF82FD02}.Release|Any CPU.Build.0 = Release|Any CPU
		{11899FD2-DCB4-4DF2-9F0A-6385CC432F6D}.Debug|Any CPU.ActiveCfg = Debug|Any CPU
		{11899FD2-DCB4-4DF2-9F0A-6385CC432F6D}.Debug|Any CPU.Build.0 = Debug|Any CPU
		{11899FD2-DCB4-4DF2-9F0A-6385CC432F6D}.Release|Any CPU.ActiveCfg = Release|Any CPU
		{11899FD2-DCB4-4DF2-9F0A-6385CC432F6D}.Release|Any CPU.Build.0 = Release|Any CPU
		{D7DD2AA6-6F29-4000-A675-6B23DFEA1636}.Debug|Any CPU.ActiveCfg = Debug|Any CPU
		{D7DD2AA6-6F29-4000-A675-6B23DFEA1636}.Debug|Any CPU.Build.0 = Debug|Any CPU
		{D7DD2AA6-6F29-4000-A675-6B23DFEA1636}.Release|Any CPU.ActiveCfg = Release|Any CPU
		{D7DD2AA6-6F29-4000-A675-6B23DFEA1636}.Release|Any CPU.Build.0 = Release|Any CPU
		{AD99C031-BBD1-43CD-B6F2-4FB6E61B58DA}.Debug|Any CPU.ActiveCfg = Debug|Any CPU
		{AD99C031-BBD1-43CD-B6F2-4FB6E61B58DA}.Debug|Any CPU.Build.0 = Debug|Any CPU
		{AD99C031-BBD1-43CD-B6F2-4FB6E61B58DA}.Release|Any CPU.ActiveCfg = Release|Any CPU
		{AD99C031-BBD1-43CD-B6F2-4FB6E61B58DA}.Release|Any CPU.Build.0 = Release|Any CPU
		{8A88B47C-0212-4007-9EE5-2329F5A63EB1}.Debug|Any CPU.ActiveCfg = Debug|Any CPU
		{8A88B47C-0212-4007-9EE5-2329F5A63EB1}.Debug|Any CPU.Build.0 = Debug|Any CPU
		{8A88B47C-0212-4007-9EE5-2329F5A63EB1}.Release|Any CPU.ActiveCfg = Release|Any CPU
		{8A88B47C-0212-4007-9EE5-2329F5A63EB1}.Release|Any CPU.Build.0 = Release|Any CPU
		{3B8F3BE7-1288-47BD-8215-AC9107CD562F}.Debug|Any CPU.ActiveCfg = Debug|Any CPU
		{3B8F3BE7-1288-47BD-8215-AC9107CD562F}.Debug|Any CPU.Build.0 = Debug|Any CPU
		{3B8F3BE7-1288-47BD-8215-AC9107CD562F}.Release|Any CPU.ActiveCfg = Release|Any CPU
		{3B8F3BE7-1288-47BD-8215-AC9107CD562F}.Release|Any CPU.Build.0 = Release|Any CPU
		{A2E3E68B-C935-493F-8C58-E656D55BF95E}.Debug|Any CPU.ActiveCfg = Debug|Any CPU
		{A2E3E68B-C935-493F-8C58-E656D55BF95E}.Debug|Any CPU.Build.0 = Debug|Any CPU
		{A2E3E68B-C935-493F-8C58-E656D55BF95E}.Release|Any CPU.ActiveCfg = Release|Any CPU
		{A2E3E68B-C935-493F-8C58-E656D55BF95E}.Release|Any CPU.Build.0 = Release|Any CPU
		{37593D6B-8301-459C-8ADA-C009063AA84D}.Debug|Any CPU.ActiveCfg = Debug|Any CPU
		{37593D6B-8301-459C-8ADA-C009063AA84D}.Debug|Any CPU.Build.0 = Debug|Any CPU
		{37593D6B-8301-459C-8ADA-C009063AA84D}.Release|Any CPU.ActiveCfg = Release|Any CPU
		{37593D6B-8301-459C-8ADA-C009063AA84D}.Release|Any CPU.Build.0 = Release|Any CPU
		{7D383380-637B-4054-8BFE-C4AF1D84146D}.Debug|Any CPU.ActiveCfg = Debug|Any CPU
		{7D383380-637B-4054-8BFE-C4AF1D84146D}.Debug|Any CPU.Build.0 = Debug|Any CPU
		{7D383380-637B-4054-8BFE-C4AF1D84146D}.Release|Any CPU.ActiveCfg = Release|Any CPU
		{7D383380-637B-4054-8BFE-C4AF1D84146D}.Release|Any CPU.Build.0 = Release|Any CPU
		{D3BB3491-ECD2-4EB9-8051-321288CEACFA}.Debug|Any CPU.ActiveCfg = Debug|Any CPU
		{D3BB3491-ECD2-4EB9-8051-321288CEACFA}.Debug|Any CPU.Build.0 = Debug|Any CPU
		{D3BB3491-ECD2-4EB9-8051-321288CEACFA}.Release|Any CPU.ActiveCfg = Release|Any CPU
		{D3BB3491-ECD2-4EB9-8051-321288CEACFA}.Release|Any CPU.Build.0 = Release|Any CPU
		{F192282D-E1BC-4D9D-9631-8593294C88E7}.Debug|Any CPU.ActiveCfg = Debug|Any CPU
		{F192282D-E1BC-4D9D-9631-8593294C88E7}.Debug|Any CPU.Build.0 = Debug|Any CPU
		{F192282D-E1BC-4D9D-9631-8593294C88E7}.Release|Any CPU.ActiveCfg = Release|Any CPU
		{F192282D-E1BC-4D9D-9631-8593294C88E7}.Release|Any CPU.Build.0 = Release|Any CPU
		{FB7C6E37-64C0-48A6-A4AA-AF45681C16CE}.Debug|Any CPU.ActiveCfg = Debug|Any CPU
		{FB7C6E37-64C0-48A6-A4AA-AF45681C16CE}.Debug|Any CPU.Build.0 = Debug|Any CPU
		{FB7C6E37-64C0-48A6-A4AA-AF45681C16CE}.Release|Any CPU.ActiveCfg = Release|Any CPU
		{FB7C6E37-64C0-48A6-A4AA-AF45681C16CE}.Release|Any CPU.Build.0 = Release|Any CPU
		{04AEAB6D-2A4C-45FC-AE8D-2BCB75EAEB0C}.Debug|Any CPU.ActiveCfg = Debug|Any CPU
		{04AEAB6D-2A4C-45FC-AE8D-2BCB75EAEB0C}.Debug|Any CPU.Build.0 = Debug|Any CPU
		{04AEAB6D-2A4C-45FC-AE8D-2BCB75EAEB0C}.Release|Any CPU.ActiveCfg = Release|Any CPU
		{04AEAB6D-2A4C-45FC-AE8D-2BCB75EAEB0C}.Release|Any CPU.Build.0 = Release|Any CPU
		{A85E2B6A-7B31-4E0E-B12F-7B123A12E4BD}.Debug|Any CPU.ActiveCfg = Debug|Any CPU
		{A85E2B6A-7B31-4E0E-B12F-7B123A12E4BD}.Debug|Any CPU.Build.0 = Debug|Any CPU
		{A85E2B6A-7B31-4E0E-B12F-7B123A12E4BD}.Release|Any CPU.ActiveCfg = Release|Any CPU
		{A85E2B6A-7B31-4E0E-B12F-7B123A12E4BD}.Release|Any CPU.Build.0 = Release|Any CPU
		{A55E371F-4C9C-452E-8FD8-C70FF16786D9}.Debug|Any CPU.ActiveCfg = Debug|Any CPU
		{A55E371F-4C9C-452E-8FD8-C70FF16786D9}.Debug|Any CPU.Build.0 = Debug|Any CPU
		{A55E371F-4C9C-452E-8FD8-C70FF16786D9}.Release|Any CPU.ActiveCfg = Release|Any CPU
		{A55E371F-4C9C-452E-8FD8-C70FF16786D9}.Release|Any CPU.Build.0 = Release|Any CPU
		{B8F5715D-77BC-4195-BDB7-902AFB8EB3F1}.Debug|Any CPU.ActiveCfg = Debug|Any CPU
		{B8F5715D-77BC-4195-BDB7-902AFB8EB3F1}.Debug|Any CPU.Build.0 = Debug|Any CPU
		{B8F5715D-77BC-4195-BDB7-902AFB8EB3F1}.Release|Any CPU.ActiveCfg = Release|Any CPU
		{B8F5715D-77BC-4195-BDB7-902AFB8EB3F1}.Release|Any CPU.Build.0 = Release|Any CPU
		{32E76253-7DBA-4B80-A22E-6E3C26879BE9}.Debug|Any CPU.ActiveCfg = Debug|Any CPU
		{32E76253-7DBA-4B80-A22E-6E3C26879BE9}.Debug|Any CPU.Build.0 = Debug|Any CPU
		{32E76253-7DBA-4B80-A22E-6E3C26879BE9}.Release|Any CPU.ActiveCfg = Release|Any CPU
		{32E76253-7DBA-4B80-A22E-6E3C26879BE9}.Release|Any CPU.Build.0 = Release|Any CPU
		{FEDB7C26-BCE0-43CC-A4DC-B9FA3E20D024}.Debug|Any CPU.ActiveCfg = Debug|Any CPU
		{FEDB7C26-BCE0-43CC-A4DC-B9FA3E20D024}.Debug|Any CPU.Build.0 = Debug|Any CPU
		{FEDB7C26-BCE0-43CC-A4DC-B9FA3E20D024}.Release|Any CPU.ActiveCfg = Release|Any CPU
		{FEDB7C26-BCE0-43CC-A4DC-B9FA3E20D024}.Release|Any CPU.Build.0 = Release|Any CPU
		{DDC3C7EF-62EF-49B1-9932-AC20A2E2F4D2}.Debug|Any CPU.ActiveCfg = Debug|Any CPU
		{DDC3C7EF-62EF-49B1-9932-AC20A2E2F4D2}.Debug|Any CPU.Build.0 = Debug|Any CPU
		{DDC3C7EF-62EF-49B1-9932-AC20A2E2F4D2}.Release|Any CPU.ActiveCfg = Release|Any CPU
		{DDC3C7EF-62EF-49B1-9932-AC20A2E2F4D2}.Release|Any CPU.Build.0 = Release|Any CPU
		{E894E9BC-6A6D-4897-A3AD-CC35CE06DB07}.Debug|Any CPU.ActiveCfg = Debug|Any CPU
		{E894E9BC-6A6D-4897-A3AD-CC35CE06DB07}.Debug|Any CPU.Build.0 = Debug|Any CPU
		{E894E9BC-6A6D-4897-A3AD-CC35CE06DB07}.Release|Any CPU.ActiveCfg = Release|Any CPU
		{E894E9BC-6A6D-4897-A3AD-CC35CE06DB07}.Release|Any CPU.Build.0 = Release|Any CPU
	EndGlobalSection
	GlobalSection(SolutionProperties) = preSolution
		HideSolutionNode = FALSE
	EndGlobalSection
	GlobalSection(NestedProjects) = preSolution
		{D2F4A787-18FE-4010-8C79-3BFB48EA5ADC} = {B7216D17-1580-4F81-9A7F-62096EB8B799}
		{CEAA8E31-94C2-4D1E-B6A5-1D9A39DFF3EA} = {94F5C8A1-25E2-4A20-807B-0010DC30C7D6}
		{4E5BE53C-FC0C-4307-8C92-58FBCE5BF2FB} = {94F5C8A1-25E2-4A20-807B-0010DC30C7D6}
		{90A8172B-D12E-449E-91EB-A77AAF82FD02} = {94F5C8A1-25E2-4A20-807B-0010DC30C7D6}
		{11899FD2-DCB4-4DF2-9F0A-6385CC432F6D} = {94F5C8A1-25E2-4A20-807B-0010DC30C7D6}
		{D7DD2AA6-6F29-4000-A675-6B23DFEA1636} = {94F5C8A1-25E2-4A20-807B-0010DC30C7D6}
		{AD99C031-BBD1-43CD-B6F2-4FB6E61B58DA} = {B7216D17-1580-4F81-9A7F-62096EB8B799}
		{8A88B47C-0212-4007-9EE5-2329F5A63EB1} = {B7216D17-1580-4F81-9A7F-62096EB8B799}
		{3B8F3BE7-1288-47BD-8215-AC9107CD562F} = {B7216D17-1580-4F81-9A7F-62096EB8B799}
		{A2E3E68B-C935-493F-8C58-E656D55BF95E} = {B7216D17-1580-4F81-9A7F-62096EB8B799}
		{37593D6B-8301-459C-8ADA-C009063AA84D} = {B7216D17-1580-4F81-9A7F-62096EB8B799}
		{7D383380-637B-4054-8BFE-C4AF1D84146D} = {B7216D17-1580-4F81-9A7F-62096EB8B799}
		{D3BB3491-ECD2-4EB9-8051-321288CEACFA} = {F2FF589C-71D1-4C86-A485-BC66642E5AA4}
		{342B6ABE-9EF7-4B76-8FF7-6A33EA3BAA01} = {B7216D17-1580-4F81-9A7F-62096EB8B799}
		{F192282D-E1BC-4D9D-9631-8593294C88E7} = {342B6ABE-9EF7-4B76-8FF7-6A33EA3BAA01}
		{FB7C6E37-64C0-48A6-A4AA-AF45681C16CE} = {89F3D4DA-3597-4085-8590-49CFDC2481D1}
		{04AEAB6D-2A4C-45FC-AE8D-2BCB75EAEB0C} = {B7216D17-1580-4F81-9A7F-62096EB8B799}
		{C2F37E56-0CB3-4E4E-8536-904AF422FAA4} = {BF0E4EBB-49D8-42AC-B437-42AD137ED4D2}
		{A85E2B6A-7B31-4E0E-B12F-7B123A12E4BD} = {C2F37E56-0CB3-4E4E-8536-904AF422FAA4}
		{A55E371F-4C9C-452E-8FD8-C70FF16786D9} = {BF0E4EBB-49D8-42AC-B437-42AD137ED4D2}
		{1535A5C9-9300-46EE-9E7D-9CF2D18234D5} = {BF0E4EBB-49D8-42AC-B437-42AD137ED4D2}
		{B8F5715D-77BC-4195-BDB7-902AFB8EB3F1} = {1535A5C9-9300-46EE-9E7D-9CF2D18234D5}
		{32E76253-7DBA-4B80-A22E-6E3C26879BE9} = {BF0E4EBB-49D8-42AC-B437-42AD137ED4D2}
		{FEDB7C26-BCE0-43CC-A4DC-B9FA3E20D024} = {BF0E4EBB-49D8-42AC-B437-42AD137ED4D2}
		{DDC3C7EF-62EF-49B1-9932-AC20A2E2F4D2} = {BF0E4EBB-49D8-42AC-B437-42AD137ED4D2}
		{E894E9BC-6A6D-4897-A3AD-CC35CE06DB07} = {BDF856E0-EA5F-45B9-9911-7A25DED5902B}
	EndGlobalSection
	GlobalSection(ExtensibilityGlobals) = postSolution
		SolutionGuid = {52A42D8C-D33D-4369-82F6-B98857389372}
	EndGlobalSection
EndGlobal
